// !$*UTF8*$!
{
	archiveVersion = 1;
	classes = {
	};
	objectVersion = 56;
	objects = {

/* Begin PBXBuildFile section */
		C236500C2AF38CB9007D69FF /* FoodRow.swift in Sources */ = {isa = PBXBuildFile; fileRef = C236500B2AF38CB9007D69FF /* FoodRow.swift */; };
		C236500F2AF394CA007D69FF /* FavoriteButton.swift in Sources */ = {isa = PBXBuildFile; fileRef = C236500E2AF394CA007D69FF /* FavoriteButton.swift */; };
		C23650112AF41E68007D69FF /* TabsView.swift in Sources */ = {isa = PBXBuildFile; fileRef = C23650102AF41E68007D69FF /* TabsView.swift */; };
		C23650132AF41EBD007D69FF /* Calculator.swift in Sources */ = {isa = PBXBuildFile; fileRef = C23650122AF41EBD007D69FF /* Calculator.swift */; };
		C23650152AF41EC7007D69FF /* MapView.swift in Sources */ = {isa = PBXBuildFile; fileRef = C23650142AF41EC7007D69FF /* MapView.swift */; };
		C23650172AFC2900007D69FF /* ListDetailView.swift in Sources */ = {isa = PBXBuildFile; fileRef = C23650162AFC2900007D69FF /* ListDetailView.swift */; };
		C23650192AFCFAFF007D69FF /* message-3.txt in Resources */ = {isa = PBXBuildFile; fileRef = C23650182AFCFAFF007D69FF /* message-3.txt */; };
		C236501C2B18B3AE007D69FF /* CreatedList.swift in Sources */ = {isa = PBXBuildFile; fileRef = C236501B2B18B3AE007D69FF /* CreatedList.swift */; };
		C23A03212AEA497500241493 /* FinalCaloriesApp.swift in Sources */ = {isa = PBXBuildFile; fileRef = C23A03202AEA497500241493 /* FinalCaloriesApp.swift */; };
		C23A03232AEA497500241493 /* FoodList.swift in Sources */ = {isa = PBXBuildFile; fileRef = C23A03222AEA497500241493 /* FoodList.swift */; };
		C23A03252AEA497900241493 /* Assets.xcassets in Resources */ = {isa = PBXBuildFile; fileRef = C23A03242AEA497900241493 /* Assets.xcassets */; };
		C23A03292AEA497900241493 /* Preview Assets.xcassets in Resources */ = {isa = PBXBuildFile; fileRef = C23A03282AEA497900241493 /* Preview Assets.xcassets */; };
		C23A03332AEA497A00241493 /* FinalCaloriesTests.swift in Sources */ = {isa = PBXBuildFile; fileRef = C23A03322AEA497A00241493 /* FinalCaloriesTests.swift */; };
		C23A033D2AEA497A00241493 /* FinalCaloriesUITests.swift in Sources */ = {isa = PBXBuildFile; fileRef = C23A033C2AEA497A00241493 /* FinalCaloriesUITests.swift */; };
		C23A033F2AEA497A00241493 /* FinalCaloriesUITestsLaunchTests.swift in Sources */ = {isa = PBXBuildFile; fileRef = C23A033E2AEA497A00241493 /* FinalCaloriesUITestsLaunchTests.swift */; };
		C23A034C2AEA4AB200241493 /* Food.swift in Sources */ = {isa = PBXBuildFile; fileRef = C23A034B2AEA4AB200241493 /* Food.swift */; };
		C23A034F2AEA55C200241493 /* FoodViewModel.swift in Sources */ = {isa = PBXBuildFile; fileRef = C23A034E2AEA55C200241493 /* FoodViewModel.swift */; };
/* End PBXBuildFile section */

/* Begin PBXContainerItemProxy section */
		C23A032F2AEA497A00241493 /* PBXContainerItemProxy */ = {
			isa = PBXContainerItemProxy;
			containerPortal = C23A03152AEA497400241493 /* Project object */;
			proxyType = 1;
			remoteGlobalIDString = C23A031C2AEA497500241493;
			remoteInfo = FinalCalories;
		};
		C23A03392AEA497A00241493 /* PBXContainerItemProxy */ = {
			isa = PBXContainerItemProxy;
			containerPortal = C23A03152AEA497400241493 /* Project object */;
			proxyType = 1;
			remoteGlobalIDString = C23A031C2AEA497500241493;
			remoteInfo = FinalCalories;
		};
/* End PBXContainerItemProxy section */

/* Begin PBXFileReference section */
		C236500B2AF38CB9007D69FF /* FoodRow.swift */ = {isa = PBXFileReference; lastKnownFileType = sourcecode.swift; path = FoodRow.swift; sourceTree = "<group>"; };
		C236500E2AF394CA007D69FF /* FavoriteButton.swift */ = {isa = PBXFileReference; lastKnownFileType = sourcecode.swift; path = FavoriteButton.swift; sourceTree = "<group>"; };
		C23650102AF41E68007D69FF /* TabsView.swift */ = {isa = PBXFileReference; lastKnownFileType = sourcecode.swift; path = TabsView.swift; sourceTree = "<group>"; };
		C23650122AF41EBD007D69FF /* Calculator.swift */ = {isa = PBXFileReference; lastKnownFileType = sourcecode.swift; path = Calculator.swift; sourceTree = "<group>"; };
		C23650142AF41EC7007D69FF /* MapView.swift */ = {isa = PBXFileReference; lastKnownFileType = sourcecode.swift; path = MapView.swift; sourceTree = "<group>"; };
		C23650162AFC2900007D69FF /* ListDetailView.swift */ = {isa = PBXFileReference; lastKnownFileType = sourcecode.swift; path = ListDetailView.swift; sourceTree = "<group>"; };
		C23650182AFCFAFF007D69FF /* message-3.txt */ = {isa = PBXFileReference; fileEncoding = 4; lastKnownFileType = text; name = "message-3.txt"; path = "../../../../Downloads/message-3.txt"; sourceTree = "<group>"; };
		C236501A2AFCFB09007D69FF /* message-3.txt */ = {isa = PBXFileReference; lastKnownFileType = text; path = "message-3.txt"; sourceTree = "<group>"; };
		C236501B2B18B3AE007D69FF /* CreatedList.swift */ = {isa = PBXFileReference; lastKnownFileType = sourcecode.swift; path = CreatedList.swift; sourceTree = "<group>"; };
		C23A031D2AEA497500241493 /* FinalCalories.app */ = {isa = PBXFileReference; explicitFileType = wrapper.application; includeInIndex = 0; path = FinalCalories.app; sourceTree = BUILT_PRODUCTS_DIR; };
		C23A03202AEA497500241493 /* FinalCaloriesApp.swift */ = {isa = PBXFileReference; lastKnownFileType = sourcecode.swift; path = FinalCaloriesApp.swift; sourceTree = "<group>"; };
		C23A03222AEA497500241493 /* FoodList.swift */ = {isa = PBXFileReference; lastKnownFileType = sourcecode.swift; path = FoodList.swift; sourceTree = "<group>"; };
		C23A03242AEA497900241493 /* Assets.xcassets */ = {isa = PBXFileReference; lastKnownFileType = folder.assetcatalog; path = Assets.xcassets; sourceTree = "<group>"; };
		C23A03262AEA497900241493 /* FinalCalories.entitlements */ = {isa = PBXFileReference; lastKnownFileType = text.plist.entitlements; path = FinalCalories.entitlements; sourceTree = "<group>"; };
		C23A03282AEA497900241493 /* Preview Assets.xcassets */ = {isa = PBXFileReference; lastKnownFileType = folder.assetcatalog; path = "Preview Assets.xcassets"; sourceTree = "<group>"; };
		C23A032E2AEA497A00241493 /* FinalCaloriesTests.xctest */ = {isa = PBXFileReference; explicitFileType = wrapper.cfbundle; includeInIndex = 0; path = FinalCaloriesTests.xctest; sourceTree = BUILT_PRODUCTS_DIR; };
		C23A03322AEA497A00241493 /* FinalCaloriesTests.swift */ = {isa = PBXFileReference; lastKnownFileType = sourcecode.swift; path = FinalCaloriesTests.swift; sourceTree = "<group>"; };
		C23A03382AEA497A00241493 /* FinalCaloriesUITests.xctest */ = {isa = PBXFileReference; explicitFileType = wrapper.cfbundle; includeInIndex = 0; path = FinalCaloriesUITests.xctest; sourceTree = BUILT_PRODUCTS_DIR; };
		C23A033C2AEA497A00241493 /* FinalCaloriesUITests.swift */ = {isa = PBXFileReference; lastKnownFileType = sourcecode.swift; path = FinalCaloriesUITests.swift; sourceTree = "<group>"; };
		C23A033E2AEA497A00241493 /* FinalCaloriesUITestsLaunchTests.swift */ = {isa = PBXFileReference; lastKnownFileType = sourcecode.swift; path = FinalCaloriesUITestsLaunchTests.swift; sourceTree = "<group>"; };
		C23A034B2AEA4AB200241493 /* Food.swift */ = {isa = PBXFileReference; lastKnownFileType = sourcecode.swift; path = Food.swift; sourceTree = "<group>"; };
		C23A034E2AEA55C200241493 /* FoodViewModel.swift */ = {isa = PBXFileReference; lastKnownFileType = sourcecode.swift; path = FoodViewModel.swift; sourceTree = "<group>"; };
/* End PBXFileReference section */

/* Begin PBXFrameworksBuildPhase section */
		C23A031A2AEA497500241493 /* Frameworks */ = {
			isa = PBXFrameworksBuildPhase;
			buildActionMask = 2147483647;
			files = (
			);
			runOnlyForDeploymentPostprocessing = 0;
		};
		C23A032B2AEA497A00241493 /* Frameworks */ = {
			isa = PBXFrameworksBuildPhase;
			buildActionMask = 2147483647;
			files = (
			);
			runOnlyForDeploymentPostprocessing = 0;
		};
		C23A03352AEA497A00241493 /* Frameworks */ = {
			isa = PBXFrameworksBuildPhase;
			buildActionMask = 2147483647;
			files = (
			);
			runOnlyForDeploymentPostprocessing = 0;
		};
/* End PBXFrameworksBuildPhase section */

/* Begin PBXGroup section */
		C236500D2AF39495007D69FF /* Helpers */ = {
			isa = PBXGroup;
			children = (
				C236500E2AF394CA007D69FF /* FavoriteButton.swift */,
			);
			path = Helpers;
			sourceTree = "<group>";
		};
		C23A03142AEA497400241493 = {
			isa = PBXGroup;
			children = (
				C23A031F2AEA497500241493 /* FinalCalories */,
				C23A03312AEA497A00241493 /* FinalCaloriesTests */,
				C23A033B2AEA497A00241493 /* FinalCaloriesUITests */,
				C23A031E2AEA497500241493 /* Products */,
			);
			sourceTree = "<group>";
		};
		C23A031E2AEA497500241493 /* Products */ = {
			isa = PBXGroup;
			children = (
				C23A031D2AEA497500241493 /* FinalCalories.app */,
				C23A032E2AEA497A00241493 /* FinalCaloriesTests.xctest */,
				C23A03382AEA497A00241493 /* FinalCaloriesUITests.xctest */,
			);
			name = Products;
			sourceTree = "<group>";
		};
		C23A031F2AEA497500241493 /* FinalCalories */ = {
			isa = PBXGroup;
			children = (
				C23A034D2AEA4ABF00241493 /* Model */,
				C23A03502AEA55DB00241493 /* ViewModel */,
				C23A03512AEA55ED00241493 /* View */,
				C236500D2AF39495007D69FF /* Helpers */,
				C23A03202AEA497500241493 /* FinalCaloriesApp.swift */,
				C23A03242AEA497900241493 /* Assets.xcassets */,
				C23A03262AEA497900241493 /* FinalCalories.entitlements */,
				C23A03272AEA497900241493 /* Preview Content */,
				C236501A2AFCFB09007D69FF /* message-3.txt */,
			);
			path = FinalCalories;
			sourceTree = "<group>";
		};
		C23A03272AEA497900241493 /* Preview Content */ = {
			isa = PBXGroup;
			children = (
				C23A03282AEA497900241493 /* Preview Assets.xcassets */,
			);
			path = "Preview Content";
			sourceTree = "<group>";
		};
		C23A03312AEA497A00241493 /* FinalCaloriesTests */ = {
			isa = PBXGroup;
			children = (
				C23A03322AEA497A00241493 /* FinalCaloriesTests.swift */,
			);
			path = FinalCaloriesTests;
			sourceTree = "<group>";
		};
		C23A033B2AEA497A00241493 /* FinalCaloriesUITests */ = {
			isa = PBXGroup;
			children = (
				C23650182AFCFAFF007D69FF /* message-3.txt */,
				C23A033C2AEA497A00241493 /* FinalCaloriesUITests.swift */,
				C23A033E2AEA497A00241493 /* FinalCaloriesUITestsLaunchTests.swift */,
			);
			path = FinalCaloriesUITests;
			sourceTree = "<group>";
		};
		C23A034D2AEA4ABF00241493 /* Model */ = {
			isa = PBXGroup;
			children = (
				C23A034B2AEA4AB200241493 /* Food.swift */,
			);
			path = Model;
			sourceTree = "<group>";
		};
		C23A03502AEA55DB00241493 /* ViewModel */ = {
			isa = PBXGroup;
			children = (
				C23A034E2AEA55C200241493 /* FoodViewModel.swift */,
			);
			path = ViewModel;
			sourceTree = "<group>";
		};
		C23A03512AEA55ED00241493 /* View */ = {
			isa = PBXGroup;
			children = (
				C23A03222AEA497500241493 /* FoodList.swift */,
				C23650102AF41E68007D69FF /* TabsView.swift */,
				C236500B2AF38CB9007D69FF /* FoodRow.swift */,
				C23650122AF41EBD007D69FF /* Calculator.swift */,
				C23650162AFC2900007D69FF /* ListDetailView.swift */,
				C23650142AF41EC7007D69FF /* MapView.swift */,
				C236501B2B18B3AE007D69FF /* CreatedList.swift */,
			);
			path = View;
			sourceTree = "<group>";
		};
/* End PBXGroup section */

/* Begin PBXNativeTarget section */
		C23A031C2AEA497500241493 /* FinalCalories */ = {
			isa = PBXNativeTarget;
			buildConfigurationList = C23A03422AEA497A00241493 /* Build configuration list for PBXNativeTarget "FinalCalories" */;
			buildPhases = (
				C23A03192AEA497500241493 /* Sources */,
				C23A031A2AEA497500241493 /* Frameworks */,
				C23A031B2AEA497500241493 /* Resources */,
			);
			buildRules = (
			);
			dependencies = (
			);
			name = FinalCalories;
			productName = FinalCalories;
			productReference = C23A031D2AEA497500241493 /* FinalCalories.app */;
			productType = "com.apple.product-type.application";
		};
		C23A032D2AEA497A00241493 /* FinalCaloriesTests */ = {
			isa = PBXNativeTarget;
			buildConfigurationList = C23A03452AEA497A00241493 /* Build configuration list for PBXNativeTarget "FinalCaloriesTests" */;
			buildPhases = (
				C23A032A2AEA497A00241493 /* Sources */,
				C23A032B2AEA497A00241493 /* Frameworks */,
				C23A032C2AEA497A00241493 /* Resources */,
			);
			buildRules = (
			);
			dependencies = (
				C23A03302AEA497A00241493 /* PBXTargetDependency */,
			);
			name = FinalCaloriesTests;
			productName = FinalCaloriesTests;
			productReference = C23A032E2AEA497A00241493 /* FinalCaloriesTests.xctest */;
			productType = "com.apple.product-type.bundle.unit-test";
		};
		C23A03372AEA497A00241493 /* FinalCaloriesUITests */ = {
			isa = PBXNativeTarget;
			buildConfigurationList = C23A03482AEA497A00241493 /* Build configuration list for PBXNativeTarget "FinalCaloriesUITests" */;
			buildPhases = (
				C23A03342AEA497A00241493 /* Sources */,
				C23A03352AEA497A00241493 /* Frameworks */,
				C23A03362AEA497A00241493 /* Resources */,
			);
			buildRules = (
			);
			dependencies = (
				C23A033A2AEA497A00241493 /* PBXTargetDependency */,
			);
			name = FinalCaloriesUITests;
			productName = FinalCaloriesUITests;
			productReference = C23A03382AEA497A00241493 /* FinalCaloriesUITests.xctest */;
			productType = "com.apple.product-type.bundle.ui-testing";
		};
/* End PBXNativeTarget section */

/* Begin PBXProject section */
		C23A03152AEA497400241493 /* Project object */ = {
			isa = PBXProject;
			attributes = {
				BuildIndependentTargetsInParallel = 1;
				LastSwiftUpdateCheck = 1500;
				LastUpgradeCheck = 1500;
				TargetAttributes = {
					C23A031C2AEA497500241493 = {
						CreatedOnToolsVersion = 15.0;
					};
					C23A032D2AEA497A00241493 = {
						CreatedOnToolsVersion = 15.0;
						TestTargetID = C23A031C2AEA497500241493;
					};
					C23A03372AEA497A00241493 = {
						CreatedOnToolsVersion = 15.0;
						TestTargetID = C23A031C2AEA497500241493;
					};
				};
			};
			buildConfigurationList = C23A03182AEA497500241493 /* Build configuration list for PBXProject "FinalCalories" */;
			compatibilityVersion = "Xcode 14.0";
			developmentRegion = en;
			hasScannedForEncodings = 0;
			knownRegions = (
				en,
				Base,
			);
			mainGroup = C23A03142AEA497400241493;
			productRefGroup = C23A031E2AEA497500241493 /* Products */;
			projectDirPath = "";
			projectRoot = "";
			targets = (
				C23A031C2AEA497500241493 /* FinalCalories */,
				C23A032D2AEA497A00241493 /* FinalCaloriesTests */,
				C23A03372AEA497A00241493 /* FinalCaloriesUITests */,
			);
		};
/* End PBXProject section */

/* Begin PBXResourcesBuildPhase section */
		C23A031B2AEA497500241493 /* Resources */ = {
			isa = PBXResourcesBuildPhase;
			buildActionMask = 2147483647;
			files = (
				C23A03292AEA497900241493 /* Preview Assets.xcassets in Resources */,
				C23A03252AEA497900241493 /* Assets.xcassets in Resources */,
			);
			runOnlyForDeploymentPostprocessing = 0;
		};
		C23A032C2AEA497A00241493 /* Resources */ = {
			isa = PBXResourcesBuildPhase;
			buildActionMask = 2147483647;
			files = (
			);
			runOnlyForDeploymentPostprocessing = 0;
		};
		C23A03362AEA497A00241493 /* Resources */ = {
			isa = PBXResourcesBuildPhase;
			buildActionMask = 2147483647;
			files = (
				C23650192AFCFAFF007D69FF /* message-3.txt in Resources */,
			);
			runOnlyForDeploymentPostprocessing = 0;
		};
/* End PBXResourcesBuildPhase section */

/* Begin PBXSourcesBuildPhase section */
		C23A03192AEA497500241493 /* Sources */ = {
			isa = PBXSourcesBuildPhase;
			buildActionMask = 2147483647;
			files = (
				C23A03232AEA497500241493 /* FoodList.swift in Sources */,
				C23A03212AEA497500241493 /* FinalCaloriesApp.swift in Sources */,
				C23A034F2AEA55C200241493 /* FoodViewModel.swift in Sources */,
				C236500F2AF394CA007D69FF /* FavoriteButton.swift in Sources */,
				C23650112AF41E68007D69FF /* TabsView.swift in Sources */,
				C23650132AF41EBD007D69FF /* Calculator.swift in Sources */,
				C236500C2AF38CB9007D69FF /* FoodRow.swift in Sources */,
				C23650172AFC2900007D69FF /* ListDetailView.swift in Sources */,
				C23650152AF41EC7007D69FF /* MapView.swift in Sources */,
				C236501C2B18B3AE007D69FF /* CreatedList.swift in Sources */,
				C23A034C2AEA4AB200241493 /* Food.swift in Sources */,
			);
			runOnlyForDeploymentPostprocessing = 0;
		};
		C23A032A2AEA497A00241493 /* Sources */ = {
			isa = PBXSourcesBuildPhase;
			buildActionMask = 2147483647;
			files = (
				C23A03332AEA497A00241493 /* FinalCaloriesTests.swift in Sources */,
			);
			runOnlyForDeploymentPostprocessing = 0;
		};
		C23A03342AEA497A00241493 /* Sources */ = {
			isa = PBXSourcesBuildPhase;
			buildActionMask = 2147483647;
			files = (
				C23A033D2AEA497A00241493 /* FinalCaloriesUITests.swift in Sources */,
				C23A033F2AEA497A00241493 /* FinalCaloriesUITestsLaunchTests.swift in Sources */,
			);
			runOnlyForDeploymentPostprocessing = 0;
		};
/* End PBXSourcesBuildPhase section */

/* Begin PBXTargetDependency section */
		C23A03302AEA497A00241493 /* PBXTargetDependency */ = {
			isa = PBXTargetDependency;
			target = C23A031C2AEA497500241493 /* FinalCalories */;
			targetProxy = C23A032F2AEA497A00241493 /* PBXContainerItemProxy */;
		};
		C23A033A2AEA497A00241493 /* PBXTargetDependency */ = {
			isa = PBXTargetDependency;
			target = C23A031C2AEA497500241493 /* FinalCalories */;
			targetProxy = C23A03392AEA497A00241493 /* PBXContainerItemProxy */;
		};
/* End PBXTargetDependency section */

/* Begin XCBuildConfiguration section */
		C23A03402AEA497A00241493 /* Debug */ = {
			isa = XCBuildConfiguration;
			buildSettings = {
				ALWAYS_SEARCH_USER_PATHS = NO;
				ASSETCATALOG_COMPILER_GENERATE_SWIFT_ASSET_SYMBOL_EXTENSIONS = YES;
				CLANG_ANALYZER_NONNULL = YES;
				CLANG_ANALYZER_NUMBER_OBJECT_CONVERSION = YES_AGGRESSIVE;
				CLANG_CXX_LANGUAGE_STANDARD = "gnu++20";
				CLANG_ENABLE_MODULES = YES;
				CLANG_ENABLE_OBJC_ARC = YES;
				CLANG_ENABLE_OBJC_WEAK = YES;
				CLANG_WARN_BLOCK_CAPTURE_AUTORELEASING = YES;
				CLANG_WARN_BOOL_CONVERSION = YES;
				CLANG_WARN_COMMA = YES;
				CLANG_WARN_CONSTANT_CONVERSION = YES;
				CLANG_WARN_DEPRECATED_OBJC_IMPLEMENTATIONS = YES;
				CLANG_WARN_DIRECT_OBJC_ISA_USAGE = YES_ERROR;
				CLANG_WARN_DOCUMENTATION_COMMENTS = YES;
				CLANG_WARN_EMPTY_BODY = YES;
				CLANG_WARN_ENUM_CONVERSION = YES;
				CLANG_WARN_INFINITE_RECURSION = YES;
				CLANG_WARN_INT_CONVERSION = YES;
				CLANG_WARN_NON_LITERAL_NULL_CONVERSION = YES;
				CLANG_WARN_OBJC_IMPLICIT_RETAIN_SELF = YES;
				CLANG_WARN_OBJC_LITERAL_CONVERSION = YES;
				CLANG_WARN_OBJC_ROOT_CLASS = YES_ERROR;
				CLANG_WARN_QUOTED_INCLUDE_IN_FRAMEWORK_HEADER = YES;
				CLANG_WARN_RANGE_LOOP_ANALYSIS = YES;
				CLANG_WARN_STRICT_PROTOTYPES = YES;
				CLANG_WARN_SUSPICIOUS_MOVE = YES;
				CLANG_WARN_UNGUARDED_AVAILABILITY = YES_AGGRESSIVE;
				CLANG_WARN_UNREACHABLE_CODE = YES;
				CLANG_WARN__DUPLICATE_METHOD_MATCH = YES;
				COPY_PHASE_STRIP = NO;
				DEBUG_INFORMATION_FORMAT = dwarf;
				ENABLE_STRICT_OBJC_MSGSEND = YES;
				ENABLE_TESTABILITY = YES;
				ENABLE_USER_SCRIPT_SANDBOXING = YES;
				GCC_C_LANGUAGE_STANDARD = gnu17;
				GCC_DYNAMIC_NO_PIC = NO;
				GCC_NO_COMMON_BLOCKS = YES;
				GCC_OPTIMIZATION_LEVEL = 0;
				GCC_PREPROCESSOR_DEFINITIONS = (
					"DEBUG=1",
					"$(inherited)",
				);
				GCC_WARN_64_TO_32_BIT_CONVERSION = YES;
				GCC_WARN_ABOUT_RETURN_TYPE = YES_ERROR;
				GCC_WARN_UNDECLARED_SELECTOR = YES;
				GCC_WARN_UNINITIALIZED_AUTOS = YES_AGGRESSIVE;
				GCC_WARN_UNUSED_FUNCTION = YES;
				GCC_WARN_UNUSED_VARIABLE = YES;
				LOCALIZATION_PREFERS_STRING_CATALOGS = YES;
				MTL_ENABLE_DEBUG_INFO = INCLUDE_SOURCE;
				MTL_FAST_MATH = YES;
				ONLY_ACTIVE_ARCH = YES;
				SWIFT_ACTIVE_COMPILATION_CONDITIONS = "DEBUG $(inherited)";
				SWIFT_OPTIMIZATION_LEVEL = "-Onone";
			};
			name = Debug;
		};
		C23A03412AEA497A00241493 /* Release */ = {
			isa = XCBuildConfiguration;
			buildSettings = {
				ALWAYS_SEARCH_USER_PATHS = NO;
				ASSETCATALOG_COMPILER_GENERATE_SWIFT_ASSET_SYMBOL_EXTENSIONS = YES;
				CLANG_ANALYZER_NONNULL = YES;
				CLANG_ANALYZER_NUMBER_OBJECT_CONVERSION = YES_AGGRESSIVE;
				CLANG_CXX_LANGUAGE_STANDARD = "gnu++20";
				CLANG_ENABLE_MODULES = YES;
				CLANG_ENABLE_OBJC_ARC = YES;
				CLANG_ENABLE_OBJC_WEAK = YES;
				CLANG_WARN_BLOCK_CAPTURE_AUTORELEASING = YES;
				CLANG_WARN_BOOL_CONVERSION = YES;
				CLANG_WARN_COMMA = YES;
				CLANG_WARN_CONSTANT_CONVERSION = YES;
				CLANG_WARN_DEPRECATED_OBJC_IMPLEMENTATIONS = YES;
				CLANG_WARN_DIRECT_OBJC_ISA_USAGE = YES_ERROR;
				CLANG_WARN_DOCUMENTATION_COMMENTS = YES;
				CLANG_WARN_EMPTY_BODY = YES;
				CLANG_WARN_ENUM_CONVERSION = YES;
				CLANG_WARN_INFINITE_RECURSION = YES;
				CLANG_WARN_INT_CONVERSION = YES;
				CLANG_WARN_NON_LITERAL_NULL_CONVERSION = YES;
				CLANG_WARN_OBJC_IMPLICIT_RETAIN_SELF = YES;
				CLANG_WARN_OBJC_LITERAL_CONVERSION = YES;
				CLANG_WARN_OBJC_ROOT_CLASS = YES_ERROR;
				CLANG_WARN_QUOTED_INCLUDE_IN_FRAMEWORK_HEADER = YES;
				CLANG_WARN_RANGE_LOOP_ANALYSIS = YES;
				CLANG_WARN_STRICT_PROTOTYPES = YES;
				CLANG_WARN_SUSPICIOUS_MOVE = YES;
				CLANG_WARN_UNGUARDED_AVAILABILITY = YES_AGGRESSIVE;
				CLANG_WARN_UNREACHABLE_CODE = YES;
				CLANG_WARN__DUPLICATE_METHOD_MATCH = YES;
				COPY_PHASE_STRIP = NO;
				DEBUG_INFORMATION_FORMAT = "dwarf-with-dsym";
				ENABLE_NS_ASSERTIONS = NO;
				ENABLE_STRICT_OBJC_MSGSEND = YES;
				ENABLE_USER_SCRIPT_SANDBOXING = YES;
				GCC_C_LANGUAGE_STANDARD = gnu17;
				GCC_NO_COMMON_BLOCKS = YES;
				GCC_WARN_64_TO_32_BIT_CONVERSION = YES;
				GCC_WARN_ABOUT_RETURN_TYPE = YES_ERROR;
				GCC_WARN_UNDECLARED_SELECTOR = YES;
				GCC_WARN_UNINITIALIZED_AUTOS = YES_AGGRESSIVE;
				GCC_WARN_UNUSED_FUNCTION = YES;
				GCC_WARN_UNUSED_VARIABLE = YES;
				LOCALIZATION_PREFERS_STRING_CATALOGS = YES;
				MTL_ENABLE_DEBUG_INFO = NO;
				MTL_FAST_MATH = YES;
				SWIFT_COMPILATION_MODE = wholemodule;
			};
			name = Release;
		};
		C23A03432AEA497A00241493 /* Debug */ = {
			isa = XCBuildConfiguration;
			buildSettings = {
				ASSETCATALOG_COMPILER_APPICON_NAME = AppIcon;
				ASSETCATALOG_COMPILER_GLOBAL_ACCENT_COLOR_NAME = AccentColor;
				CODE_SIGN_ENTITLEMENTS = FinalCalories/FinalCalories.entitlements;
				CODE_SIGN_STYLE = Automatic;
				CURRENT_PROJECT_VERSION = 1;
				DEVELOPMENT_ASSET_PATHS = "\"FinalCalories/Preview Content\"";
				ENABLE_PREVIEWS = YES;
				GENERATE_INFOPLIST_FILE = YES;
				"INFOPLIST_KEY_UIApplicationSceneManifest_Generation[sdk=iphoneos*]" = YES;
				"INFOPLIST_KEY_UIApplicationSceneManifest_Generation[sdk=iphonesimulator*]" = YES;
				"INFOPLIST_KEY_UIApplicationSupportsIndirectInputEvents[sdk=iphoneos*]" = YES;
				"INFOPLIST_KEY_UIApplicationSupportsIndirectInputEvents[sdk=iphonesimulator*]" = YES;
				"INFOPLIST_KEY_UILaunchScreen_Generation[sdk=iphoneos*]" = YES;
				"INFOPLIST_KEY_UILaunchScreen_Generation[sdk=iphonesimulator*]" = YES;
				"INFOPLIST_KEY_UIStatusBarStyle[sdk=iphoneos*]" = UIStatusBarStyleDefault;
				"INFOPLIST_KEY_UIStatusBarStyle[sdk=iphonesimulator*]" = UIStatusBarStyleDefault;
				INFOPLIST_KEY_UISupportedInterfaceOrientations_iPad = "UIInterfaceOrientationPortrait UIInterfaceOrientationPortraitUpsideDown UIInterfaceOrientationLandscapeLeft UIInterfaceOrientationLandscapeRight";
				INFOPLIST_KEY_UISupportedInterfaceOrientations_iPhone = "UIInterfaceOrientationPortrait UIInterfaceOrientationLandscapeLeft UIInterfaceOrientationLandscapeRight";
				IPHONEOS_DEPLOYMENT_TARGET = 17.0;
				LD_RUNPATH_SEARCH_PATHS = "@executable_path/Frameworks";
				"LD_RUNPATH_SEARCH_PATHS[sdk=macosx*]" = "@executable_path/../Frameworks";
				MACOSX_DEPLOYMENT_TARGET = 14.0;
				MARKETING_VERSION = 1.0;
				PRODUCT_BUNDLE_IDENTIFIER = jchen.FinalCalories;
				PRODUCT_NAME = "$(TARGET_NAME)";
				SDKROOT = auto;
				SUPPORTED_PLATFORMS = "iphoneos iphonesimulator macosx";
				SWIFT_EMIT_LOC_STRINGS = YES;
				SWIFT_VERSION = 5.0;
				TARGETED_DEVICE_FAMILY = "1,2";
			};
			name = Debug;
		};
		C23A03442AEA497A00241493 /* Release */ = {
			isa = XCBuildConfiguration;
			buildSettings = {
				ASSETCATALOG_COMPILER_APPICON_NAME = AppIcon;
				ASSETCATALOG_COMPILER_GLOBAL_ACCENT_COLOR_NAME = AccentColor;
				CODE_SIGN_ENTITLEMENTS = FinalCalories/FinalCalories.entitlements;
				CODE_SIGN_STYLE = Automatic;
				CURRENT_PROJECT_VERSION = 1;
				DEVELOPMENT_ASSET_PATHS = "\"FinalCalories/Preview Content\"";
				ENABLE_PREVIEWS = YES;
				GENERATE_INFOPLIST_FILE = YES;
				"INFOPLIST_KEY_UIApplicationSceneManifest_Generation[sdk=iphoneos*]" = YES;
				"INFOPLIST_KEY_UIApplicationSceneManifest_Generation[sdk=iphonesimulator*]" = YES;
				"INFOPLIST_KEY_UIApplicationSupportsIndirectInputEvents[sdk=iphoneos*]" = YES;
				"INFOPLIST_KEY_UIApplicationSupportsIndirectInputEvents[sdk=iphonesimulator*]" = YES;
				"INFOPLIST_KEY_UILaunchScreen_Generation[sdk=iphoneos*]" = YES;
				"INFOPLIST_KEY_UILaunchScreen_Generation[sdk=iphonesimulator*]" = YES;
				"INFOPLIST_KEY_UIStatusBarStyle[sdk=iphoneos*]" = UIStatusBarStyleDefault;
				"INFOPLIST_KEY_UIStatusBarStyle[sdk=iphonesimulator*]" = UIStatusBarStyleDefault;
				INFOPLIST_KEY_UISupportedInterfaceOrientations_iPad = "UIInterfaceOrientationPortrait UIInterfaceOrientationPortraitUpsideDown UIInterfaceOrientationLandscapeLeft UIInterfaceOrientationLandscapeRight";
				INFOPLIST_KEY_UISupportedInterfaceOrientations_iPhone = "UIInterfaceOrientationPortrait UIInterfaceOrientationLandscapeLeft UIInterfaceOrientationLandscapeRight";
				IPHONEOS_DEPLOYMENT_TARGET = 17.0;
				LD_RUNPATH_SEARCH_PATHS = "@executable_path/Frameworks";
				"LD_RUNPATH_SEARCH_PATHS[sdk=macosx*]" = "@executable_path/../Frameworks";
				MACOSX_DEPLOYMENT_TARGET = 14.0;
				MARKETING_VERSION = 1.0;
				PRODUCT_BUNDLE_IDENTIFIER = jchen.FinalCalories;
				PRODUCT_NAME = "$(TARGET_NAME)";
				SDKROOT = auto;
				SUPPORTED_PLATFORMS = "iphoneos iphonesimulator macosx";
				SWIFT_EMIT_LOC_STRINGS = YES;
				SWIFT_VERSION = 5.0;
				TARGETED_DEVICE_FAMILY = "1,2";
			};
			name = Release;
		};
		C23A03462AEA497A00241493 /* Debug */ = {
			isa = XCBuildConfiguration;
			buildSettings = {
				ALWAYS_EMBED_SWIFT_STANDARD_LIBRARIES = YES;
				BUNDLE_LOADER = "$(TEST_HOST)";
				CODE_SIGN_STYLE = Automatic;
				CURRENT_PROJECT_VERSION = 1;
				GENERATE_INFOPLIST_FILE = YES;
				IPHONEOS_DEPLOYMENT_TARGET = 17.0;
				MACOSX_DEPLOYMENT_TARGET = 14.0;
				MARKETING_VERSION = 1.0;
				PRODUCT_BUNDLE_IDENTIFIER = jchen.FinalCaloriesTests;
				PRODUCT_NAME = "$(TARGET_NAME)";
				SDKROOT = auto;
				SUPPORTED_PLATFORMS = "iphoneos iphonesimulator macosx";
				SWIFT_EMIT_LOC_STRINGS = NO;
				SWIFT_VERSION = 5.0;
				TARGETED_DEVICE_FAMILY = "1,2";
				TEST_HOST = "$(BUILT_PRODUCTS_DIR)/FinalCalories.app/$(BUNDLE_EXECUTABLE_FOLDER_PATH)/FinalCalories";
			};
			name = Debug;
		};
		C23A03472AEA497A00241493 /* Release */ = {
			isa = XCBuildConfiguration;
			buildSettings = {
				ALWAYS_EMBED_SWIFT_STANDARD_LIBRARIES = YES;
				BUNDLE_LOADER = "$(TEST_HOST)";
				CODE_SIGN_STYLE = Automatic;
				CURRENT_PROJECT_VERSION = 1;
				GENERATE_INFOPLIST_FILE = YES;
				IPHONEOS_DEPLOYMENT_TARGET = 17.0;
				MACOSX_DEPLOYMENT_TARGET = 14.0;
				MARKETING_VERSION = 1.0;
				PRODUCT_BUNDLE_IDENTIFIER = jchen.FinalCaloriesTests;
				PRODUCT_NAME = "$(TARGET_NAME)";
				SDKROOT = auto;
				SUPPORTED_PLATFORMS = "iphoneos iphonesimulator macosx";
				SWIFT_EMIT_LOC_STRINGS = NO;
				SWIFT_VERSION = 5.0;
				TARGETED_DEVICE_FAMILY = "1,2";
				TEST_HOST = "$(BUILT_PRODUCTS_DIR)/FinalCalories.app/$(BUNDLE_EXECUTABLE_FOLDER_PATH)/FinalCalories";
			};
			name = Release;
		};
		C23A03492AEA497A00241493 /* Debug */ = {
			isa = XCBuildConfiguration;
			buildSettings = {
				ALWAYS_EMBED_SWIFT_STANDARD_LIBRARIES = YES;
				CODE_SIGN_STYLE = Automatic;
				CURRENT_PROJECT_VERSION = 1;
				GENERATE_INFOPLIST_FILE = YES;
				IPHONEOS_DEPLOYMENT_TARGET = 17.0;
				MACOSX_DEPLOYMENT_TARGET = 14.0;
				MARKETING_VERSION = 1.0;
				PRODUCT_BUNDLE_IDENTIFIER = jchen.FinalCaloriesUITests;
				PRODUCT_NAME = "$(TARGET_NAME)";
				SDKROOT = auto;
				SUPPORTED_PLATFORMS = "iphoneos iphonesimulator macosx";
				SWIFT_EMIT_LOC_STRINGS = NO;
				SWIFT_VERSION = 5.0;
				TARGETED_DEVICE_FAMILY = "1,2";
				TEST_TARGET_NAME = FinalCalories;
			};
			name = Debug;
		};
		C23A034A2AEA497A00241493 /* Release */ = {
			isa = XCBuildConfiguration;
			buildSettings = {
				ALWAYS_EMBED_SWIFT_STANDARD_LIBRARIES = YES;
				CODE_SIGN_STYLE = Automatic;
				CURRENT_PROJECT_VERSION = 1;
				GENERATE_INFOPLIST_FILE = YES;
				IPHONEOS_DEPLOYMENT_TARGET = 17.0;
				MACOSX_DEPLOYMENT_TARGET = 14.0;
				MARKETING_VERSION = 1.0;
				PRODUCT_BUNDLE_IDENTIFIER = jchen.FinalCaloriesUITests;
				PRODUCT_NAME = "$(TARGET_NAME)";
				SDKROOT = auto;
				SUPPORTED_PLATFORMS = "iphoneos iphonesimulator macosx";
				SWIFT_EMIT_LOC_STRINGS = NO;
				SWIFT_VERSION = 5.0;
				TARGETED_DEVICE_FAMILY = "1,2";
				TEST_TARGET_NAME = FinalCalories;
			};
			name = Release;
		};
/* End XCBuildConfiguration section */

/* Begin XCConfigurationList section */
		C23A03182AEA497500241493 /* Build configuration list for PBXProject "FinalCalories" */ = {
			isa = XCConfigurationList;
			buildConfigurations = (
				C23A03402AEA497A00241493 /* Debug */,
				C23A03412AEA497A00241493 /* Release */,
			);
			defaultConfigurationIsVisible = 0;
			defaultConfigurationName = Release;
		};
		C23A03422AEA497A00241493 /* Build configuration list for PBXNativeTarget "FinalCalories" */ = {
			isa = XCConfigurationList;
			buildConfigurations = (
				C23A03432AEA497A00241493 /* Debug */,
				C23A03442AEA497A00241493 /* Release */,
			);
			defaultConfigurationIsVisible = 0;
			defaultConfigurationName = Release;
		};
		C23A03452AEA497A00241493 /* Build configuration list for PBXNativeTarget "FinalCaloriesTests" */ = {
			isa = XCConfigurationList;
			buildConfigurations = (
				C23A03462AEA497A00241493 /* Debug */,
				C23A03472AEA497A00241493 /* Release */,
			);
			defaultConfigurationIsVisible = 0;
			defaultConfigurationName = Release;
		};
		C23A03482AEA497A00241493 /* Build configuration list for PBXNativeTarget "FinalCaloriesUITests" */ = {
			isa = XCConfigurationList;
			buildConfigurations = (
				C23A03492AEA497A00241493 /* Debug */,
				C23A034A2AEA497A00241493 /* Release */,
			);
			defaultConfigurationIsVisible = 0;
			defaultConfigurationName = Release;
		};
/* End XCConfigurationList section */
	};
	rootObject = C23A03152AEA497400241493 /* Project object */;
}
